
Microsoft Visual Studio Solution File, Format Version 12.00
# Visual Studio Version 17
VisualStudioVersion = 17.14.36127.28
MinimumVisualStudioVersion = 10.0.40219.1
Project("{FAE04EC0-301F-11D3-BF4B-00C04F79EFBC}") = "Assignment1", "Assignment1\Assignment1.csproj", "{91B7E6CB-8527-463B-BF1F-6F479402DDA7}"
EndProject
Project("{FAE04EC0-301F-11D3-BF4B-00C04F79EFBC}") = "Assignment2", "Assignment2\Assignment2.csproj", "{8626C60B-BFF4-4361-A037-F61427B97306}"
EndProject
Global
	GlobalSection(SolutionConfigurationPlatforms) = preSolution
		Debug|Any CPU = Debug|Any CPU
		Release|Any CPU = Release|Any CPU
	EndGlobalSection
	GlobalSection(ProjectConfigurationPlatforms) = postSolution
		{91B7E6CB-8527-463B-BF1F-6F479402DDA7}.Debug|Any CPU.ActiveCfg = Debug|Any CPU
		{91B7E6CB-8527-463B-BF1F-6F479402DDA7}.Debug|Any CPU.Build.0 = Debug|Any CPU
		{91B7E6CB-8527-463B-BF1F-6F479402DDA7}.Release|Any CPU.ActiveCfg = Release|Any CPU
		{91B7E6CB-8527-463B-BF1F-6F479402DDA7}.Release|Any CPU.Build.0 = Release|Any CPU
		{8626C60B-BFF4-4361-A037-F61427B97306}.Debug|Any CPU.ActiveCfg = Debug|Any CPU
		{8626C60B-BFF4-4361-A037-F61427B97306}.Debug|Any CPU.Build.0 = Debug|Any CPU
		{8626C60B-BFF4-4361-A037-F61427B97306}.Release|Any CPU.ActiveCfg = Release|Any CPU
		{8626C60B-BFF4-4361-A037-F61427B97306}.Release|Any CPU.Build.0 = Release|Any CPU
	EndGlobalSection
	GlobalSection(SolutionProperties) = preSolution
		HideSolutionNode = FALSE
	EndGlobalSection
	GlobalSection(ExtensibilityGlobals) = postSolution
		SolutionGuid = {5E7965BA-B2BC-4169-851C-DFE907814384}
	EndGlobalSection
EndGlobal
