
Microsoft Visual Studio Solution File, Format Version 12.00
# Visual Studio Version 17
VisualStudioVersion = 17.14.36127.28
MinimumVisualStudioVersion = 10.0.40219.1
Project("{FAE04EC0-301F-11D3-BF4B-00C04F79EFBC}") = "Assignment1", "Assignment1\Assignment1.csproj", "{325E99C8-72FC-41BC-B85D-443E5D18B348}"
EndProject
Project("{FAE04EC0-301F-11D3-BF4B-00C04F79EFBC}") = "Assignment3", "Assignment3\Assignment3.csproj", "{9D0BF98A-D7BF-48FE-866E-9E716EF4636C}"
EndProject
Global
	GlobalSection(SolutionConfigurationPlatforms) = preSolution
		Debug|Any CPU = Debug|Any CPU
		Release|Any CPU = Release|Any CPU
	EndGlobalSection
	GlobalSection(ProjectConfigurationPlatforms) = postSolution
		{325E99C8-72FC-41BC-B85D-443E5D18B348}.Debug|Any CPU.ActiveCfg = Debug|Any CPU
		{325E99C8-72FC-41BC-B85D-443E5D18B348}.Debug|Any CPU.Build.0 = Debug|Any CPU
		{325E99C8-72FC-41BC-B85D-443E5D18B348}.Release|Any CPU.ActiveCfg = Release|Any CPU
		{325E99C8-72FC-41BC-B85D-443E5D18B348}.Release|Any CPU.Build.0 = Release|Any CPU
		{9D0BF98A-D7BF-48FE-866E-9E716EF4636C}.Debug|Any CPU.ActiveCfg = Debug|Any CPU
		{9D0BF98A-D7BF-48FE-866E-9E716EF4636C}.Debug|Any CPU.Build.0 = Debug|Any CPU
		{9D0BF98A-D7BF-48FE-866E-9E716EF4636C}.Release|Any CPU.ActiveCfg = Release|Any CPU
		{9D0BF98A-D7BF-48FE-866E-9E716EF4636C}.Release|Any CPU.Build.0 = Release|Any CPU
	EndGlobalSection
	GlobalSection(SolutionProperties) = preSolution
		HideSolutionNode = FALSE
	EndGlobalSection
	GlobalSection(ExtensibilityGlobals) = postSolution
		SolutionGuid = {90BCA40D-4472-40F0-B65E-24DA00DA2247}
	EndGlobalSection
EndGlobal
